
Microsoft Visual Studio Solution File, Format Version 12.00
# Visual Studio 15
VisualStudioVersion = 15.0.28307.421
MinimumVisualStudioVersion = 10.0.40219.1
Project("{FAE04EC0-301F-11D3-BF4B-00C04F79EFBC}") = "Server", "Server\Server.csproj", "{1217FDB0-0605-438D-B45B-C56702512CB5}"
EndProject
Project("{FAE04EC0-301F-11D3-BF4B-00C04F79EFBC}") = "Client", "Client\Client.csproj", "{26C8CA45-4F8A-4ABB-A27F-157174950FB8}"
EndProject
Project("{FAE04EC0-301F-11D3-BF4B-00C04F79EFBC}") = "Bot", "Bot\Bot.csproj", "{BEBE6269-8941-48B6-B781-C6F48A1D0CC7}"
EndProject
Global
	GlobalSection(SolutionConfigurationPlatforms) = preSolution
		Debug|Any CPU = Debug|Any CPU
		Release|Any CPU = Release|Any CPU
	EndGlobalSection
	GlobalSection(ProjectConfigurationPlatforms) = postSolution
		{1217FDB0-0605-438D-B45B-C56702512CB5}.Debug|Any CPU.ActiveCfg = Debug|Any CPU
		{1217FDB0-0605-438D-B45B-C56702512CB5}.Debug|Any CPU.Build.0 = Debug|Any CPU
		{1217FDB0-0605-438D-B45B-C56702512CB5}.Release|Any CPU.ActiveCfg = Release|Any CPU
		{1217FDB0-0605-438D-B45B-C56702512CB5}.Release|Any CPU.Build.0 = Release|Any CPU
		{26C8CA45-4F8A-4ABB-A27F-157174950FB8}.Debug|Any CPU.ActiveCfg = Debug|Any CPU
		{26C8CA45-4F8A-4ABB-A27F-157174950FB8}.Debug|Any CPU.Build.0 = Debug|Any CPU
		{26C8CA45-4F8A-4ABB-A27F-157174950FB8}.Release|Any CPU.ActiveCfg = Release|Any CPU
		{26C8CA45-4F8A-4ABB-A27F-157174950FB8}.Release|Any CPU.Build.0 = Release|Any CPU
		{BEBE6269-8941-48B6-B781-C6F48A1D0CC7}.Debug|Any CPU.ActiveCfg = Debug|Any CPU
		{BEBE6269-8941-48B6-B781-C6F48A1D0CC7}.Debug|Any CPU.Build.0 = Debug|Any CPU
		{BEBE6269-8941-48B6-B781-C6F48A1D0CC7}.Release|Any CPU.ActiveCfg = Release|Any CPU
		{BEBE6269-8941-48B6-B781-C6F48A1D0CC7}.Release|Any CPU.Build.0 = Release|Any CPU
	EndGlobalSection
	GlobalSection(SolutionProperties) = preSolution
		HideSolutionNode = FALSE
	EndGlobalSection
	GlobalSection(ExtensibilityGlobals) = postSolution
		SolutionGuid = {6653D26E-73E3-429E-A924-95D4BBDF48FA}
	EndGlobalSection
EndGlobal
